
Microsoft Visual Studio Solution File, Format Version 12.00
# Visual Studio Version 17
VisualStudioVersion = 17.7.34202.233
MinimumVisualStudioVersion = 10.0.40219.1
Project("{FAE04EC0-301F-11D3-BF4B-00C04F79EFBC}") = "set.cs", "set.cs\set.cs.csproj", "{CE50D607-86A7-4A63-9EAF-D5EE5C6668DD}"
EndProject
Global
	GlobalSection(SolutionConfigurationPlatforms) = preSolution
		Debug|Any CPU = Debug|Any CPU
		Release|Any CPU = Release|Any CPU
	EndGlobalSection
	GlobalSection(ProjectConfigurationPlatforms) = postSolution
		{CE50D607-86A7-4A63-9EAF-D5EE5C6668DD}.Debug|Any CPU.ActiveCfg = Debug|Any CPU
		{CE50D607-86A7-4A63-9EAF-D5EE5C6668DD}.Debug|Any CPU.Build.0 = Debug|Any CPU
		{CE50D607-86A7-4A63-9EAF-D5EE5C6668DD}.Release|Any CPU.ActiveCfg = Release|Any CPU
		{CE50D607-86A7-4A63-9EAF-D5EE5C6668DD}.Release|Any CPU.Build.0 = Release|Any CPU
	EndGlobalSection
	GlobalSection(SolutionProperties) = preSolution
		HideSolutionNode = FALSE
	EndGlobalSection
	GlobalSection(ExtensibilityGlobals) = postSolution
		SolutionGuid = {2601B994-CCFC-40E0-AB30-8F245734FA0E}
	EndGlobalSection
EndGlobal
