
Microsoft Visual Studio Solution File, Format Version 12.00
# Visual Studio Version 17
VisualStudioVersion = 17.7.34202.233
MinimumVisualStudioVersion = 10.0.40219.1
Project("{FAE04EC0-301F-11D3-BF4B-00C04F79EFBC}") = "app", "app\app.csproj", "{3D13CC60-81DE-4165-82F3-BBD19C6BA22B}"
EndProject
Global
	GlobalSection(SolutionConfigurationPlatforms) = preSolution
		Debug|Any CPU = Debug|Any CPU
		Release|Any CPU = Release|Any CPU
	EndGlobalSection
	GlobalSection(ProjectConfigurationPlatforms) = postSolution
		{3D13CC60-81DE-4165-82F3-BBD19C6BA22B}.Debug|Any CPU.ActiveCfg = Debug|Any CPU
		{3D13CC60-81DE-4165-82F3-BBD19C6BA22B}.Debug|Any CPU.Build.0 = Debug|Any CPU
		{3D13CC60-81DE-4165-82F3-BBD19C6BA22B}.Release|Any CPU.ActiveCfg = Release|Any CPU
		{3D13CC60-81DE-4165-82F3-BBD19C6BA22B}.Release|Any CPU.Build.0 = Release|Any CPU
	EndGlobalSection
	GlobalSection(SolutionProperties) = preSolution
		HideSolutionNode = FALSE
	EndGlobalSection
	GlobalSection(ExtensibilityGlobals) = postSolution
		SolutionGuid = {39391603-31B5-4979-8719-E5273222DE52}
	EndGlobalSection
EndGlobal
