
Microsoft Visual Studio Solution File, Format Version 12.00
# Visual Studio Version 17
VisualStudioVersion = 17.7.34202.233
MinimumVisualStudioVersion = 10.0.40219.1
Project("{FAE04EC0-301F-11D3-BF4B-00C04F79EFBC}") = "mywebapps", "mywebapps\mywebapps.csproj", "{1668B069-52F0-46D9-A5DF-E5F4D69F895C}"
EndProject
Global
	GlobalSection(SolutionConfigurationPlatforms) = preSolution
		Debug|Any CPU = Debug|Any CPU
		Release|Any CPU = Release|Any CPU
	EndGlobalSection
	GlobalSection(ProjectConfigurationPlatforms) = postSolution
		{1668B069-52F0-46D9-A5DF-E5F4D69F895C}.Debug|Any CPU.ActiveCfg = Debug|Any CPU
		{1668B069-52F0-46D9-A5DF-E5F4D69F895C}.Debug|Any CPU.Build.0 = Debug|Any CPU
		{1668B069-52F0-46D9-A5DF-E5F4D69F895C}.Release|Any CPU.ActiveCfg = Release|Any CPU
		{1668B069-52F0-46D9-A5DF-E5F4D69F895C}.Release|Any CPU.Build.0 = Release|Any CPU
	EndGlobalSection
	GlobalSection(SolutionProperties) = preSolution
		HideSolutionNode = FALSE
	EndGlobalSection
	GlobalSection(ExtensibilityGlobals) = postSolution
		SolutionGuid = {B5D4C558-54A0-4759-827A-4AF3E0615F55}
	EndGlobalSection
EndGlobal
